
Microsoft Visual Studio Solution File, Format Version 11.00
# Visual C++ Express 2010
Project("{8BC9CEB8-8B4A-11D0-8D11-00A0C91BC942}") = "OpenGl", "OpenGl\OpenGl.vcxproj", "{64E36490-D093-44F3-8AE2-152266B9A6D8}"
EndProject
Global
	GlobalSection(SolutionConfigurationPlatforms) = preSolution
		Debug|Win32 = Debug|Win32
		Release|Win32 = Release|Win32
	EndGlobalSection
	GlobalSection(ProjectConfigurationPlatforms) = postSolution
		{64E36490-D093-44F3-8AE2-152266B9A6D8}.Debug|Win32.ActiveCfg = Debug|Win32
		{64E36490-D093-44F3-8AE2-152266B9A6D8}.Debug|Win32.Build.0 = Debug|Win32
		{64E36490-D093-44F3-8AE2-152266B9A6D8}.Release|Win32.ActiveCfg = Release|Win32
		{64E36490-D093-44F3-8AE2-152266B9A6D8}.Release|Win32.Build.0 = Release|Win32
	EndGlobalSection
	GlobalSection(SolutionProperties) = preSolution
		HideSolutionNode = FALSE
	EndGlobalSection
EndGlobal
